// !$*UTF8*$!
{
	archiveVersion = 1;
	classes = {
	};
	objectVersion = 48;
	objects = {

/* Begin PBXBuildFile section */
		917F67A21FF507B7003A6223 /* AppDelegate.swift in Sources */ = {isa = PBXBuildFile; fileRef = 917F67A11FF507B7003A6223 /* AppDelegate.swift */; };
		917F67A41FF507B7003A6223 /* ViewController.swift in Sources */ = {isa = PBXBuildFile; fileRef = 917F67A31FF507B7003A6223 /* ViewController.swift */; };
		917F67A71FF507B7003A6223 /* Main.storyboard in Resources */ = {isa = PBXBuildFile; fileRef = 917F67A51FF507B7003A6223 /* Main.storyboard */; };
		917F67AA1FF507B7003A6223 /* AppCoreData.xcdatamodeld in Sources */ = {isa = PBXBuildFile; fileRef = 917F67A81FF507B7003A6223 /* AppCoreData.xcdatamodeld */; };
		917F67AC1FF507B7003A6223 /* Assets.xcassets in Resources */ = {isa = PBXBuildFile; fileRef = 917F67AB1FF507B7003A6223 /* Assets.xcassets */; };
		917F67AF1FF507B7003A6223 /* LaunchScreen.storyboard in Resources */ = {isa = PBXBuildFile; fileRef = 917F67AD1FF507B7003A6223 /* LaunchScreen.storyboard */; };
		917F67C31FF509C4003A6223 /* CoreDataHandler.swift in Sources */ = {isa = PBXBuildFile; fileRef = 917F67C21FF509C4003A6223 /* CoreDataHandler.swift */; };
		917F67C61FF51208003A6223 /* Audio+CoreDataClass.swift in Sources */ = {isa = PBXBuildFile; fileRef = 917F67C41FF51208003A6223 /* Audio+CoreDataClass.swift */; };
		917F67C71FF51208003A6223 /* Audio+CoreDataProperties.swift in Sources */ = {isa = PBXBuildFile; fileRef = 917F67C51FF51208003A6223 /* Audio+CoreDataProperties.swift */; };
/* End PBXBuildFile section */

/* Begin PBXFileReference section */
		917F679E1FF507B7003A6223 /* AppCoreData.app */ = {isa = PBXFileReference; explicitFileType = wrapper.application; includeInIndex = 0; path = AppCoreData.app; sourceTree = BUILT_PRODUCTS_DIR; };
		917F67A11FF507B7003A6223 /* AppDelegate.swift */ = {isa = PBXFileReference; lastKnownFileType = sourcecode.swift; path = AppDelegate.swift; sourceTree = "<group>"; };
		917F67A31FF507B7003A6223 /* ViewController.swift */ = {isa = PBXFileReference; lastKnownFileType = sourcecode.swift; path = ViewController.swift; sourceTree = "<group>"; };
		917F67A61FF507B7003A6223 /* Base */ = {isa = PBXFileReference; lastKnownFileType = file.storyboard; name = Base; path = Base.lproj/Main.storyboard; sourceTree = "<group>"; };
		917F67A91FF507B7003A6223 /* AppCoreData.xcdatamodel */ = {isa = PBXFileReference; lastKnownFileType = wrapper.xcdatamodel; path = AppCoreData.xcdatamodel; sourceTree = "<group>"; };
		917F67AB1FF507B7003A6223 /* Assets.xcassets */ = {isa = PBXFileReference; lastKnownFileType = folder.assetcatalog; path = Assets.xcassets; sourceTree = "<group>"; };
		917F67AE1FF507B7003A6223 /* Base */ = {isa = PBXFileReference; lastKnownFileType = file.storyboard; name = Base; path = Base.lproj/LaunchScreen.storyboard; sourceTree = "<group>"; };
		917F67B01FF507B7003A6223 /* Info.plist */ = {isa = PBXFileReference; lastKnownFileType = text.plist.xml; path = Info.plist; sourceTree = "<group>"; };
		917F67C21FF509C4003A6223 /* CoreDataHandler.swift */ = {isa = PBXFileReference; lastKnownFileType = sourcecode.swift; path = CoreDataHandler.swift; sourceTree = "<group>"; };
		917F67C41FF51208003A6223 /* Audio+CoreDataClass.swift */ = {isa = PBXFileReference; lastKnownFileType = sourcecode.swift; path = "Audio+CoreDataClass.swift"; sourceTree = "<group>"; };
		917F67C51FF51208003A6223 /* Audio+CoreDataProperties.swift */ = {isa = PBXFileReference; lastKnownFileType = sourcecode.swift; path = "Audio+CoreDataProperties.swift"; sourceTree = "<group>"; };
/* End PBXFileReference section */

/* Begin PBXFrameworksBuildPhase section */
		917F679B1FF507B7003A6223 /* Frameworks */ = {
			isa = PBXFrameworksBuildPhase;
			buildActionMask = 2147483647;
			files = (
			);
			runOnlyForDeploymentPostprocessing = 0;
		};
/* End PBXFrameworksBuildPhase section */

/* Begin PBXGroup section */
		917F67951FF507B7003A6223 = {
			isa = PBXGroup;
			children = (
				917F67A01FF507B7003A6223 /* AppCoreData */,
				917F679F1FF507B7003A6223 /* Products */,
			);
			sourceTree = "<group>";
		};
		917F679F1FF507B7003A6223 /* Products */ = {
			isa = PBXGroup;
			children = (
				917F679E1FF507B7003A6223 /* AppCoreData.app */,
			);
			name = Products;
			sourceTree = "<group>";
		};
		917F67A01FF507B7003A6223 /* AppCoreData */ = {
			isa = PBXGroup;
			children = (
				917F67A11FF507B7003A6223 /* AppDelegate.swift */,
				9192196C20173CDC00068048 /* Core Data Class */,
				9192196B20173CBC00068048 /* ViewController */,
				9192196E20173D0200068048 /* Views */,
				917F67AB1FF507B7003A6223 /* Assets.xcassets */,
				917F67B01FF507B7003A6223 /* Info.plist */,
				917F67A81FF507B7003A6223 /* AppCoreData.xcdatamodeld */,
			);
			path = AppCoreData;
			sourceTree = "<group>";
		};
		9192196B20173CBC00068048 /* ViewController */ = {
			isa = PBXGroup;
			children = (
				917F67A31FF507B7003A6223 /* ViewController.swift */,
			);
			path = ViewController;
			sourceTree = "<group>";
		};
		9192196C20173CDC00068048 /* Core Data Class */ = {
			isa = PBXGroup;
			children = (
				917F67C41FF51208003A6223 /* Audio+CoreDataClass.swift */,
				917F67C51FF51208003A6223 /* Audio+CoreDataProperties.swift */,
				917F67C21FF509C4003A6223 /* CoreDataHandler.swift */,
			);
			path = "Core Data Class";
			sourceTree = "<group>";
		};
		9192196E20173D0200068048 /* Views */ = {
			isa = PBXGroup;
			children = (
				917F67A51FF507B7003A6223 /* Main.storyboard */,
				917F67AD1FF507B7003A6223 /* LaunchScreen.storyboard */,
			);
			path = Views;
			sourceTree = "<group>";
		};
/* End PBXGroup section */

/* Begin PBXNativeTarget section */
		917F679D1FF507B7003A6223 /* AppCoreData */ = {
			isa = PBXNativeTarget;
			buildConfigurationList = 917F67B31FF507B7003A6223 /* Build configuration list for PBXNativeTarget "AppCoreData" */;
			buildPhases = (
				917F679A1FF507B7003A6223 /* Sources */,
				917F679B1FF507B7003A6223 /* Frameworks */,
				917F679C1FF507B7003A6223 /* Resources */,
			);
			buildRules = (
			);
			dependencies = (
			);
			name = AppCoreData;
			productName = AppCoreData;
			productReference = 917F679E1FF507B7003A6223 /* AppCoreData.app */;
			productType = "com.apple.product-type.application";
		};
/* End PBXNativeTarget section */

/* Begin PBXProject section */
		917F67961FF507B7003A6223 /* Project object */ = {
			isa = PBXProject;
			attributes = {
				LastSwiftUpdateCheck = 0920;
				LastUpgradeCheck = 0920;
				ORGANIZATIONNAME = iOSDeveloper;
				TargetAttributes = {
					917F679D1FF507B7003A6223 = {
						CreatedOnToolsVersion = 9.2;
						ProvisioningStyle = Automatic;
					};
				};
			};
			buildConfigurationList = 917F67991FF507B7003A6223 /* Build configuration list for PBXProject "AppCoreData" */;
			compatibilityVersion = "Xcode 8.0";
			developmentRegion = en;
			hasScannedForEncodings = 0;
			knownRegions = (
				en,
				Base,
			);
			mainGroup = 917F67951FF507B7003A6223;
			productRefGroup = 917F679F1FF507B7003A6223 /* Products */;
			projectDirPath = "";
			projectRoot = "";
			targets = (
				917F679D1FF507B7003A6223 /* AppCoreData */,
			);
		};
/* End PBXProject section */

/* Begin PBXResourcesBuildPhase section */
		917F679C1FF507B7003A6223 /* Resources */ = {
			isa = PBXResourcesBuildPhase;
			buildActionMask = 2147483647;
			files = (
				917F67AF1FF507B7003A6223 /* LaunchScreen.storyboard in Resources */,
				917F67AC1FF507B7003A6223 /* Assets.xcassets in Resources */,
				917F67A71FF507B7003A6223 /* Main.storyboard in Resources */,
			);
			runOnlyForDeploymentPostprocessing = 0;
		};
/* End PBXResourcesBuildPhase section */

/* Begin PBXSourcesBuildPhase section */
		917F679A1FF507B7003A6223 /* Sources */ = {
			isa = PBXSourcesBuildPhase;
			buildActionMask = 2147483647;
			files = (
				917F67AA1FF507B7003A6223 /* AppCoreData.xcdatamodeld in Sources */,
				917F67C61FF51208003A6223 /* Audio+CoreDataClass.swift in Sources */,
				917F67C71FF51208003A6223 /* Audio+CoreDataProperties.swift in Sources */,
				917F67C31FF509C4003A6223 /* CoreDataHandler.swift in Sources */,
				917F67A41FF507B7003A6223 /* ViewController.swift in Sources */,
				917F67A21FF507B7003A6223 /* AppDelegate.swift in Sources */,
			);
			runOnlyForDeploymentPostprocessing = 0;
		};
/* End PBXSourcesBuildPhase section */

/* Begin PBXVariantGroup section */
		917F67A51FF507B7003A6223 /* Main.storyboard */ = {
			isa = PBXVariantGroup;
			children = (
				917F67A61FF507B7003A6223 /* Base */,
			);
			name = Main.storyboard;
			sourceTree = "<group>";
		};
		917F67AD1FF507B7003A6223 /* LaunchScreen.storyboard */ = {
			isa = PBXVariantGroup;
			children = (
				917F67AE1FF507B7003A6223 /* Base */,
			);
			name = LaunchScreen.storyboard;
			sourceTree = "<group>";
		};
/* End PBXVariantGroup section */

/* Begin XCBuildConfiguration section */
		917F67B11FF507B7003A6223 /* Debug */ = {
			isa = XCBuildConfiguration;
			buildSettings = {
				ALWAYS_SEARCH_USER_PATHS = NO;
				CLANG_ANALYZER_NONNULL = YES;
				CLANG_ANALYZER_NUMBER_OBJECT_CONVERSION = YES_AGGRESSIVE;
				CLANG_CXX_LANGUAGE_STANDARD = "gnu++14";
				CLANG_CXX_LIBRARY = "libc++";
				CLANG_ENABLE_MODULES = YES;
				CLANG_ENABLE_OBJC_ARC = YES;
				CLANG_WARN_BLOCK_CAPTURE_AUTORELEASING = YES;
				CLANG_WARN_BOOL_CONVERSION = YES;
				CLANG_WARN_COMMA = YES;
				CLANG_WARN_CONSTANT_CONVERSION = YES;
				CLANG_WARN_DIRECT_OBJC_ISA_USAGE = YES_ERROR;
				CLANG_WARN_DOCUMENTATION_COMMENTS = YES;
				CLANG_WARN_EMPTY_BODY = YES;
				CLANG_WARN_ENUM_CONVERSION = YES;
				CLANG_WARN_INFINITE_RECURSION = YES;
				CLANG_WARN_INT_CONVERSION = YES;
				CLANG_WARN_NON_LITERAL_NULL_CONVERSION = YES;
				CLANG_WARN_OBJC_LITERAL_CONVERSION = YES;
				CLANG_WARN_OBJC_ROOT_CLASS = YES_ERROR;
				CLANG_WARN_RANGE_LOOP_ANALYSIS = YES;
				CLANG_WARN_STRICT_PROTOTYPES = YES;
				CLANG_WARN_SUSPICIOUS_MOVE = YES;
				CLANG_WARN_UNGUARDED_AVAILABILITY = YES_AGGRESSIVE;
				CLANG_WARN_UNREACHABLE_CODE = YES;
				CLANG_WARN__DUPLICATE_METHOD_MATCH = YES;
				CODE_SIGN_IDENTITY = "iPhone Developer";
				COPY_PHASE_STRIP = NO;
				DEBUG_INFORMATION_FORMAT = dwarf;
				ENABLE_STRICT_OBJC_MSGSEND = YES;
				ENABLE_TESTABILITY = YES;
				GCC_C_LANGUAGE_STANDARD = gnu11;
				GCC_DYNAMIC_NO_PIC = NO;
				GCC_NO_COMMON_BLOCKS = YES;
				GCC_OPTIMIZATION_LEVEL = 0;
				GCC_PREPROCESSOR_DEFINITIONS = (
					"DEBUG=1",
					"$(inherited)",
				);
				GCC_WARN_64_TO_32_BIT_CONVERSION = YES;
				GCC_WARN_ABOUT_RETURN_TYPE = YES_ERROR;
				GCC_WARN_UNDECLARED_SELECTOR = YES;
				GCC_WARN_UNINITIALIZED_AUTOS = YES_AGGRESSIVE;
				GCC_WARN_UNUSED_FUNCTION = YES;
				GCC_WARN_UNUSED_VARIABLE = YES;
				IPHONEOS_DEPLOYMENT_TARGET = 11.2;
				MTL_ENABLE_DEBUG_INFO = YES;
				ONLY_ACTIVE_ARCH = YES;
				SDKROOT = iphoneos;
				SWIFT_ACTIVE_COMPILATION_CONDITIONS = DEBUG;
				SWIFT_OPTIMIZATION_LEVEL = "-Onone";
			};
			name = Debug;
		};
		917F67B21FF507B7003A6223 /* Release */ = {
			isa = XCBuildConfiguration;
			buildSettings = {
				ALWAYS_SEARCH_USER_PATHS = NO;
				CLANG_ANALYZER_NONNULL = YES;
				CLANG_ANALYZER_NUMBER_OBJECT_CONVERSION = YES_AGGRESSIVE;
				CLANG_CXX_LANGUAGE_STANDARD = "gnu++14";
				CLANG_CXX_LIBRARY = "libc++";
				CLANG_ENABLE_MODULES = YES;
				CLANG_ENABLE_OBJC_ARC = YES;
				CLANG_WARN_BLOCK_CAPTURE_AUTORELEASING = YES;
				CLANG_WARN_BOOL_CONVERSION = YES;
				CLANG_WARN_COMMA = YES;
				CLANG_WARN_CONSTANT_CONVERSION = YES;
				CLANG_WARN_DIRECT_OBJC_ISA_USAGE = YES_ERROR;
				CLANG_WARN_DOCUMENTATION_COMMENTS = YES;
				CLANG_WARN_EMPTY_BODY = YES;
				CLANG_WARN_ENUM_CONVERSION = YES;
				CLANG_WARN_INFINITE_RECURSION = YES;
				CLANG_WARN_INT_CONVERSION = YES;
				CLANG_WARN_NON_LITERAL_NULL_CONVERSION = YES;
				CLANG_WARN_OBJC_LITERAL_CONVERSION = YES;
				CLANG_WARN_OBJC_ROOT_CLASS = YES_ERROR;
				CLANG_WARN_RANGE_LOOP_ANALYSIS = YES;
				CLANG_WARN_STRICT_PROTOTYPES = YES;
				CLANG_WARN_SUSPICIOUS_MOVE = YES;
				CLANG_WARN_UNGUARDED_AVAILABILITY = YES_AGGRESSIVE;
				CLANG_WARN_UNREACHABLE_CODE = YES;
				CLANG_WARN__DUPLICATE_METHOD_MATCH = YES;
				CODE_SIGN_IDENTITY = "iPhone Developer";
				COPY_PHASE_STRIP = NO;
				DEBUG_INFORMATION_FORMAT = "dwarf-with-dsym";
				ENABLE_NS_ASSERTIONS = NO;
				ENABLE_STRICT_OBJC_MSGSEND = YES;
				GCC_C_LANGUAGE_STANDARD = gnu11;
				GCC_NO_COMMON_BLOCKS = YES;
				GCC_WARN_64_TO_32_BIT_CONVERSION = YES;
				GCC_WARN_ABOUT_RETURN_TYPE = YES_ERROR;
				GCC_WARN_UNDECLARED_SELECTOR = YES;
				GCC_WARN_UNINITIALIZED_AUTOS = YES_AGGRESSIVE;
				GCC_WARN_UNUSED_FUNCTION = YES;
				GCC_WARN_UNUSED_VARIABLE = YES;
				IPHONEOS_DEPLOYMENT_TARGET = 11.2;
				MTL_ENABLE_DEBUG_INFO = NO;
				SDKROOT = iphoneos;
				SWIFT_OPTIMIZATION_LEVEL = "-Owholemodule";
				VALIDATE_PRODUCT = YES;
			};
			name = Release;
		};
		917F67B41FF507B7003A6223 /* Debug */ = {
			isa = XCBuildConfiguration;
			buildSettings = {
				ASSETCATALOG_COMPILER_APPICON_NAME = AppIcon;
				CODE_SIGN_STYLE = Automatic;
				INFOPLIST_FILE = AppCoreData/Info.plist;
				LD_RUNPATH_SEARCH_PATHS = "$(inherited) @executable_path/Frameworks";
				PRODUCT_BUNDLE_IDENTIFIER = com.Rockingarg.AppCoreData;
				PRODUCT_NAME = "$(TARGET_NAME)";
				SWIFT_VERSION = 4.0;
				TARGETED_DEVICE_FAMILY = "1,2";
			};
			name = Debug;
		};
		917F67B51FF507B7003A6223 /* Release */ = {
			isa = XCBuildConfiguration;
			buildSettings = {
				ASSETCATALOG_COMPILER_APPICON_NAME = AppIcon;
				CODE_SIGN_STYLE = Automatic;
				INFOPLIST_FILE = AppCoreData/Info.plist;
				LD_RUNPATH_SEARCH_PATHS = "$(inherited) @executable_path/Frameworks";
				PRODUCT_BUNDLE_IDENTIFIER = com.Rockingarg.AppCoreData;
				PRODUCT_NAME = "$(TARGET_NAME)";
				SWIFT_VERSION = 4.0;
				TARGETED_DEVICE_FAMILY = "1,2";
			};
			name = Release;
		};
/* End XCBuildConfiguration section */

/* Begin XCConfigurationList section */
		917F67991FF507B7003A6223 /* Build configuration list for PBXProject "AppCoreData" */ = {
			isa = XCConfigurationList;
			buildConfigurations = (
				917F67B11FF507B7003A6223 /* Debug */,
				917F67B21FF507B7003A6223 /* Release */,
			);
			defaultConfigurationIsVisible = 0;
			defaultConfigurationName = Release;
		};
		917F67B31FF507B7003A6223 /* Build configuration list for PBXNativeTarget "AppCoreData" */ = {
			isa = XCConfigurationList;
			buildConfigurations = (
				917F67B41FF507B7003A6223 /* Debug */,
				917F67B51FF507B7003A6223 /* Release */,
			);
			defaultConfigurationIsVisible = 0;
			defaultConfigurationName = Release;
		};
/* End XCConfigurationList section */

/* Begin XCVersionGroup section */
		917F67A81FF507B7003A6223 /* AppCoreData.xcdatamodeld */ = {
			isa = XCVersionGroup;
			children = (
				917F67A91FF507B7003A6223 /* AppCoreData.xcdatamodel */,
			);
			currentVersion = 917F67A91FF507B7003A6223 /* AppCoreData.xcdatamodel */;
			path = AppCoreData.xcdatamodeld;
			sourceTree = "<group>";
			versionGroupType = wrapper.xcdatamodel;
		};
/* End XCVersionGroup section */
	};
	rootObject = 917F67961FF507B7003A6223 /* Project object */;
}
